
Microsoft Visual Studio Solution File, Format Version 12.00
# Visual Studio Version 17
VisualStudioVersion = 17.0.31903.59
MinimumVisualStudioVersion = 10.0.40219.1
Project("{2150E333-8FDC-42A3-9474-1A3956D46DE8}") = "src", "src", "{D29C136D-7449-453C-8E28-13DBD82209B0}"
EndProject
Project("{FAE04EC0-301F-11D3-BF4B-00C04F79EFBC}") = "TempMasterDesktop", "src\TempMasterDesktop\TempMasterDesktop.csproj", "{6A1F469C-C34C-404C-9C00-FAF7FB7CC5B4}"
EndProject
Global
	GlobalSection(SolutionConfigurationPlatforms) = preSolution
		Debug|Any CPU = Debug|Any CPU
		Release|Any CPU = Release|Any CPU
	EndGlobalSection
	GlobalSection(SolutionProperties) = preSolution
		HideSolutionNode = FALSE
	EndGlobalSection
	GlobalSection(ProjectConfigurationPlatforms) = postSolution
		{6A1F469C-C34C-404C-9C00-FAF7FB7CC5B4}.Debug|Any CPU.ActiveCfg = Debug|Any CPU
		{6A1F469C-C34C-404C-9C00-FAF7FB7CC5B4}.Debug|Any CPU.Build.0 = Debug|Any CPU
		{6A1F469C-C34C-404C-9C00-FAF7FB7CC5B4}.Release|Any CPU.ActiveCfg = Release|Any CPU
		{6A1F469C-C34C-404C-9C00-FAF7FB7CC5B4}.Release|Any CPU.Build.0 = Release|Any CPU
	EndGlobalSection
	GlobalSection(NestedProjects) = preSolution
		{6A1F469C-C34C-404C-9C00-FAF7FB7CC5B4} = {D29C136D-7449-453C-8E28-13DBD82209B0}
	EndGlobalSection
EndGlobal
